
Microsoft Visual Studio Solution File, Format Version 12.00
# Visual Studio Version 16
VisualStudioVersion = 16.0.30804.86
MinimumVisualStudioVersion = 10.0.40219.1
Project("{FAE04EC0-301F-11D3-BF4B-00C04F79EFBC}") = "SiAKOD", "SiAKOD\SiAKOD.csproj", "{4213FB5D-9AD9-4432-955F-C0609F92FB13}"
EndProject
Project("{FAE04EC0-301F-11D3-BF4B-00C04F79EFBC}") = "ClassLibrary3", "ClassLibrary3\ClassLibrary3.csproj", "{DC239C8F-47BC-4099-8CD6-F01E13AD4BC3}"
EndProject
Global
	GlobalSection(SolutionConfigurationPlatforms) = preSolution
		Debug|Any CPU = Debug|Any CPU
		Release|Any CPU = Release|Any CPU
	EndGlobalSection
	GlobalSection(ProjectConfigurationPlatforms) = postSolution
		{4213FB5D-9AD9-4432-955F-C0609F92FB13}.Debug|Any CPU.ActiveCfg = Debug|Any CPU
		{4213FB5D-9AD9-4432-955F-C0609F92FB13}.Debug|Any CPU.Build.0 = Debug|Any CPU
		{4213FB5D-9AD9-4432-955F-C0609F92FB13}.Release|Any CPU.ActiveCfg = Release|Any CPU
		{4213FB5D-9AD9-4432-955F-C0609F92FB13}.Release|Any CPU.Build.0 = Release|Any CPU
		{DC239C8F-47BC-4099-8CD6-F01E13AD4BC3}.Debug|Any CPU.ActiveCfg = Debug|Any CPU
		{DC239C8F-47BC-4099-8CD6-F01E13AD4BC3}.Debug|Any CPU.Build.0 = Debug|Any CPU
		{DC239C8F-47BC-4099-8CD6-F01E13AD4BC3}.Release|Any CPU.ActiveCfg = Release|Any CPU
		{DC239C8F-47BC-4099-8CD6-F01E13AD4BC3}.Release|Any CPU.Build.0 = Release|Any CPU
	EndGlobalSection
	GlobalSection(SolutionProperties) = preSolution
		HideSolutionNode = FALSE
	EndGlobalSection
	GlobalSection(ExtensibilityGlobals) = postSolution
		SolutionGuid = {543476FC-A58C-4023-91D5-9E9C9820C15D}
	EndGlobalSection
EndGlobal
